hash: 3c52349fa1fc3b07449a456690f1d36eb4479a5c7f39e6cf749305ac107add40
updated: 2017-12-01T17:51:59.583475+08:00
imports:
- name: github.com/bouk/monkey
  version: b96e337f6e5b36906584cd0cf9803bbab09284f7
- name: github.com/BurntSushi/toml
  version: a368813c5e648fee92e5f6c30e3944ff9d5e8895
- name: github.com/go-sql-driver/mysql
  version: cd4cb909ce1a31435164be29bf3682031f61539a
- name: github.com/golang/mock
  version: 747e9e6390e12b0d987c261bdc89a51e76b9f5fc
  subpackages:
  - gomock
- name: github.com/inconshreveable/mousetrap
  version: 76626ae9c91c4f2a10f34cad8ce83ea42c93bb75
- name: github.com/logrusorgru/aurora
  version: b9c3722b64a1976e0624448ee7f5a0744b8cf629
- name: github.com/spf13/cobra
  version: 1be1d2841c773c01bee8289f55f7463b6e2c2539
- name: github.com/spf13/pflag
  version: 4c012f6dcd9546820e378d0bdda4d8fc772cdfea
- name: golang.org/x/net
  version: a8b9294777976932365dabb6640cf1468d95c70f
  subpackages:
  - context
- name: google.golang.org/appengine
  version: 9d8544a6b2c7df9cff240fcf92d7b2f59bc13416
  subpackages:
  - cloudsql
testImports:
- name: github.com/gopherjs/gopherjs
  version: 444abdf920945de5d4a977b572bcc6c674d1e4eb
  subpackages:
  - js
- name: github.com/jtolds/gls
  version: 77f18212c9c7edc9bd6a33d383a7b545ce62f064
- name: github.com/smartystreets/assertions
  version: 0b37b35ec7434b77e77a4bb29b79677cced992ea
  subpackages:
  - internal/go-render/render
  - internal/oglematchers
- name: github.com/smartystreets/goconvey
  version: e5b2b7c9111590d019a696c7800593f666e1a7f4
  subpackages:
  - convey
  - convey/gotest
  - convey/reporting
